<?xml version="1.0" encoding="utf-8"?>
<Project ToolsVersion="4.0" xmlns="http://schemas.microsoft.com/developer/msbuild/2003">
  <ItemGroup>
    <Filter Include="リソース ファイル">
      <UniqueIdentifier>{67DA6AB6-F800-4c08-8B7A-83BB121AAD01}</UniqueIdentifier>
      <Extensions>rc;ico;cur;bmp;dlg;rc2;rct;bin;rgs;gif;jpg;jpeg;jpe;resx;tiff;tif;png;wav;mfcribbon-ms</Extensions>
    </Filter>
    <Filter Include="Src">
      <UniqueIdentifier>{672e57a5-2f61-4e84-96a8-224f5d62ddee}</UniqueIdentifier>
    </Filter>
    <Filter Include="Src\System">
      <UniqueIdentifier>{f7bc0386-5f26-410a-9f55-52c4ab172e64}</UniqueIdentifier>
    </Filter>
    <Filter Include="Src\Object">
      <UniqueIdentifier>{0779adae-d955-4a3f-89b8-e96f31c25a13}</UniqueIdentifier>
    </Filter>
  </ItemGroup>
  <ItemGroup>
    <Text Include="ReadMe.txt" />
  </ItemGroup>
  <ItemGroup>
    <ClInclude Include="stdafx.h">
      <Filter>Src</Filter>
    </ClInclude>
    <ClInclude Include="targetver.h">
      <Filter>Src</Filter>
    </ClInclude>
    <ClInclude Include="src\System\CSystem.h">
      <Filter>Src\System</Filter>
    </ClInclude>
    <ClInclude Include="src\System\type.h">
      <Filter>Src\System</Filter>
    </ClInclude>
    <ClInclude Include="src\System\CSysData.h">
      <Filter>Src\System</Filter>
    </ClInclude>
    <ClInclude Include="src\System\CSysArray.h">
      <Filter>Src\System</Filter>
    </ClInclude>
    <ClInclude Include="src\System\CSysTable.h">
      <Filter>Src\System</Filter>
    </ClInclude>
    <ClInclude Include="src\Object\FCTradeLog.h">
      <Filter>Src\Object</Filter>
    </ClInclude>
    <ClInclude Include="src\Object\FCTradeLogZaif.h">
      <Filter>Src\Object</Filter>
    </ClInclude>
    <ClInclude Include="src\Object\FCTradeLogGeneral.h">
      <Filter>Src\Object</Filter>
    </ClInclude>
  </ItemGroup>
  <ItemGroup>
    <ClCompile Include="ExchangeCalclator.cpp">
      <Filter>Src</Filter>
    </ClCompile>
    <ClCompile Include="stdafx.cpp">
      <Filter>Src</Filter>
    </ClCompile>
    <ClCompile Include="src\System\CSystem.cpp">
      <Filter>Src\System</Filter>
    </ClCompile>
    <ClCompile Include="src\System\CSysData.cpp">
      <Filter>Src\System</Filter>
    </ClCompile>
    <ClCompile Include="src\System\CSysArray.cpp">
      <Filter>Src\System</Filter>
    </ClCompile>
    <ClCompile Include="src\System\CSysTable.cpp">
      <Filter>Src\System</Filter>
    </ClCompile>
    <ClCompile Include="src\Object\FCTradeLog.cpp">
      <Filter>Src\Object</Filter>
    </ClCompile>
    <ClCompile Include="src\Object\FCTradeLogZaif.cpp">
      <Filter>Src\Object</Filter>
    </ClCompile>
    <ClCompile Include="src\Object\FCTradeLogGeneral.cpp">
      <Filter>Src\Object</Filter>
    </ClCompile>
  </ItemGroup>
</Project>